// !$*UTF8*$!
{
	archiveVersion = 1;
	classes = {
	};
	objectVersion = 51;
	objects = {

/* Begin PBXBuildFile section */
		4BC6656124B60E7D00377F0F /* AppDelegate.swift in Sources */ = {isa = PBXBuildFile; fileRef = 4BC6656024B60E7D00377F0F /* AppDelegate.swift */; };
		4BC6656324B60E7D00377F0F /* SceneDelegate.swift in Sources */ = {isa = PBXBuildFile; fileRef = 4BC6656224B60E7D00377F0F /* SceneDelegate.swift */; };
		4BC6656524B60E7D00377F0F /* ViewController.swift in Sources */ = {isa = PBXBuildFile; fileRef = 4BC6656424B60E7D00377F0F /* ViewController.swift */; };
		4BC6656824B60E7D00377F0F /* Main.storyboard in Resources */ = {isa = PBXBuildFile; fileRef = 4BC6656624B60E7D00377F0F /* Main.storyboard */; };
		4BC6656A24B60E7E00377F0F /* Assets.xcassets in Resources */ = {isa = PBXBuildFile; fileRef = 4BC6656924B60E7E00377F0F /* Assets.xcassets */; };
		4BC6656D24B60E7E00377F0F /* LaunchScreen.storyboard in Resources */ = {isa = PBXBuildFile; fileRef = 4BC6656B24B60E7E00377F0F /* LaunchScreen.storyboard */; };
		4BC6657524B6138B00377F0F /* InputViewController.swift in Sources */ = {isa = PBXBuildFile; fileRef = 4BC6657424B6138B00377F0F /* InputViewController.swift */; };
		4BC6657724B6181000377F0F /* Task.swift in Sources */ = {isa = PBXBuildFile; fileRef = 4BC6657624B6181000377F0F /* Task.swift */; };
		FF8E07D0698B53FE8B63EE2E /* Pods_taskApp.framework in Frameworks */ = {isa = PBXBuildFile; fileRef = 53686EBD307DF371C0D857C5 /* Pods_taskApp.framework */; };
/* End PBXBuildFile section */

/* Begin PBXFileReference section */
		0B17FE408B6EB7E870703076 /* Pods-taskApp.release.xcconfig */ = {isa = PBXFileReference; includeInIndex = 1; lastKnownFileType = text.xcconfig; name = "Pods-taskApp.release.xcconfig"; path = "Target Support Files/Pods-taskApp/Pods-taskApp.release.xcconfig"; sourceTree = "<group>"; };
		4BC6655D24B60E7D00377F0F /* taskApp.app */ = {isa = PBXFileReference; explicitFileType = wrapper.application; includeInIndex = 0; path = taskApp.app; sourceTree = BUILT_PRODUCTS_DIR; };
		4BC6656024B60E7D00377F0F /* AppDelegate.swift */ = {isa = PBXFileReference; lastKnownFileType = sourcecode.swift; path = AppDelegate.swift; sourceTree = "<group>"; };
		4BC6656224B60E7D00377F0F /* SceneDelegate.swift */ = {isa = PBXFileReference; lastKnownFileType = sourcecode.swift; path = SceneDelegate.swift; sourceTree = "<group>"; };
		4BC6656424B60E7D00377F0F /* ViewController.swift */ = {isa = PBXFileReference; lastKnownFileType = sourcecode.swift; path = ViewController.swift; sourceTree = "<group>"; };
		4BC6656724B60E7D00377F0F /* Base */ = {isa = PBXFileReference; lastKnownFileType = file.storyboard; name = Base; path = Base.lproj/Main.storyboard; sourceTree = "<group>"; };
		4BC6656924B60E7E00377F0F /* Assets.xcassets */ = {isa = PBXFileReference; lastKnownFileType = folder.assetcatalog; path = Assets.xcassets; sourceTree = "<group>"; };
		4BC6656C24B60E7E00377F0F /* Base */ = {isa = PBXFileReference; lastKnownFileType = file.storyboard; name = Base; path = Base.lproj/LaunchScreen.storyboard; sourceTree = "<group>"; };
		4BC6656E24B60E7E00377F0F /* Info.plist */ = {isa = PBXFileReference; lastKnownFileType = text.plist.xml; path = Info.plist; sourceTree = "<group>"; };
		4BC6657424B6138B00377F0F /* InputViewController.swift */ = {isa = PBXFileReference; lastKnownFileType = sourcecode.swift; path = InputViewController.swift; sourceTree = "<group>"; };
		4BC6657624B6181000377F0F /* Task.swift */ = {isa = PBXFileReference; lastKnownFileType = sourcecode.swift; path = Task.swift; sourceTree = "<group>"; };
		53686EBD307DF371C0D857C5 /* Pods_taskApp.framework */ = {isa = PBXFileReference; explicitFileType = wrapper.framework; includeInIndex = 0; path = Pods_taskApp.framework; sourceTree = BUILT_PRODUCTS_DIR; };
		A97BF9A71437E7E2F863BF29 /* Pods-taskApp.debug.xcconfig */ = {isa = PBXFileReference; includeInIndex = 1; lastKnownFileType = text.xcconfig; name = "Pods-taskApp.debug.xcconfig"; path = "Target Support Files/Pods-taskApp/Pods-taskApp.debug.xcconfig"; sourceTree = "<group>"; };
/* End PBXFileReference section */

/* Begin PBXFrameworksBuildPhase section */
		4BC6655A24B60E7D00377F0F /* Frameworks */ = {
			isa = PBXFrameworksBuildPhase;
			buildActionMask = 2147483647;
			files = (
				FF8E07D0698B53FE8B63EE2E /* Pods_taskApp.framework in Frameworks */,
			);
			runOnlyForDeploymentPostprocessing = 0;
		};
/* End PBXFrameworksBuildPhase section */

/* Begin PBXGroup section */
		4BC6655424B60E7D00377F0F = {
			isa = PBXGroup;
			children = (
				4BC6655F24B60E7D00377F0F /* taskApp */,
				4BC6655E24B60E7D00377F0F /* Products */,
				9982FD7CDDFD3EAB997BB8EE /* Pods */,
				ADEBD0C6195C5C437150664E /* Frameworks */,
			);
			sourceTree = "<group>";
		};
		4BC6655E24B60E7D00377F0F /* Products */ = {
			isa = PBXGroup;
			children = (
				4BC6655D24B60E7D00377F0F /* taskApp.app */,
			);
			name = Products;
			sourceTree = "<group>";
		};
		4BC6655F24B60E7D00377F0F /* taskApp */ = {
			isa = PBXGroup;
			children = (
				4BC6656024B60E7D00377F0F /* AppDelegate.swift */,
				4BC6656224B60E7D00377F0F /* SceneDelegate.swift */,
				4BC6656424B60E7D00377F0F /* ViewController.swift */,
				4BC6657424B6138B00377F0F /* InputViewController.swift */,
				4BC6657624B6181000377F0F /* Task.swift */,
				4BC6656624B60E7D00377F0F /* Main.storyboard */,
				4BC6656924B60E7E00377F0F /* Assets.xcassets */,
				4BC6656B24B60E7E00377F0F /* LaunchScreen.storyboard */,
				4BC6656E24B60E7E00377F0F /* Info.plist */,
			);
			path = taskApp;
			sourceTree = "<group>";
		};
		9982FD7CDDFD3EAB997BB8EE /* Pods */ = {
			isa = PBXGroup;
			children = (
				A97BF9A71437E7E2F863BF29 /* Pods-taskApp.debug.xcconfig */,
				0B17FE408B6EB7E870703076 /* Pods-taskApp.release.xcconfig */,
			);
			path = Pods;
			sourceTree = "<group>";
		};
		ADEBD0C6195C5C437150664E /* Frameworks */ = {
			isa = PBXGroup;
			children = (
				53686EBD307DF371C0D857C5 /* Pods_taskApp.framework */,
			);
			name = Frameworks;
			sourceTree = "<group>";
		};
/* End PBXGroup section */

/* Begin PBXNativeTarget section */
		4BC6655C24B60E7D00377F0F /* taskApp */ = {
			isa = PBXNativeTarget;
			buildConfigurationList = 4BC6657124B60E7E00377F0F /* Build configuration list for PBXNativeTarget "taskApp" */;
			buildPhases = (
				56BE15E772FC58E4ACC6A873 /* [CP] Check Pods Manifest.lock */,
				4BC6655924B60E7D00377F0F /* Sources */,
				4BC6655A24B60E7D00377F0F /* Frameworks */,
				4BC6655B24B60E7D00377F0F /* Resources */,
				6EDE0E591057907FDE125758 /* [CP] Embed Pods Frameworks */,
			);
			buildRules = (
			);
			dependencies = (
			);
			name = taskApp;
			productName = taskApp;
			productReference = 4BC6655D24B60E7D00377F0F /* taskApp.app */;
			productType = "com.apple.product-type.application";
		};
/* End PBXNativeTarget section */

/* Begin PBXProject section */
		4BC6655524B60E7D00377F0F /* Project object */ = {
			isa = PBXProject;
			attributes = {
				LastSwiftUpdateCheck = 1110;
				LastUpgradeCheck = 1110;
				ORGANIZATIONNAME = "Yamato Shimizu";
				TargetAttributes = {
					4BC6655C24B60E7D00377F0F = {
						CreatedOnToolsVersion = 11.1;
					};
				};
			};
			buildConfigurationList = 4BC6655824B60E7D00377F0F /* Build configuration list for PBXProject "taskApp" */;
			compatibilityVersion = "Xcode 9.3";
			developmentRegion = en;
			hasScannedForEncodings = 0;
			knownRegions = (
				en,
				Base,
			);
			mainGroup = 4BC6655424B60E7D00377F0F;
			productRefGroup = 4BC6655E24B60E7D00377F0F /* Products */;
			projectDirPath = "";
			projectRoot = "";
			targets = (
				4BC6655C24B60E7D00377F0F /* taskApp */,
			);
		};
/* End PBXProject section */

/* Begin PBXResourcesBuildPhase section */
		4BC6655B24B60E7D00377F0F /* Resources */ = {
			isa = PBXResourcesBuildPhase;
			buildActionMask = 2147483647;
			files = (
				4BC6656D24B60E7E00377F0F /* LaunchScreen.storyboard in Resources */,
				4BC6656A24B60E7E00377F0F /* Assets.xcassets in Resources */,
				4BC6656824B60E7D00377F0F /* Main.storyboard in Resources */,
			);
			runOnlyForDeploymentPostprocessing = 0;
		};
/* End PBXResourcesBuildPhase section */

/* Begin PBXShellScriptBuildPhase section */
		56BE15E772FC58E4ACC6A873 /* [CP] Check Pods Manifest.lock */ = {
			isa = PBXShellScriptBuildPhase;
			buildActionMask = 2147483647;
			files = (
			);
			inputFileListPaths = (
			);
			inputPaths = (
				"${PODS_PODFILE_DIR_PATH}/Podfile.lock",
				"${PODS_ROOT}/Manifest.lock",
			);
			name = "[CP] Check Pods Manifest.lock";
			outputFileListPaths = (
			);
			outputPaths = (
				"$(DERIVED_FILE_DIR)/Pods-taskApp-checkManifestLockResult.txt",
			);
			runOnlyForDeploymentPostprocessing = 0;
			shellPath = /bin/sh;
			shellScript = "diff \"${PODS_PODFILE_DIR_PATH}/Podfile.lock\" \"${PODS_ROOT}/Manifest.lock\" > /dev/null\nif [ $? != 0 ] ; then\n    # print error to STDERR\n    echo \"error: The sandbox is not in sync with the Podfile.lock. Run 'pod install' or update your CocoaPods installation.\" >&2\n    exit 1\nfi\n# This output is used by Xcode 'outputs' to avoid re-running this script phase.\necho \"SUCCESS\" > \"${SCRIPT_OUTPUT_FILE_0}\"\n";
			showEnvVarsInLog = 0;
		};
		6EDE0E591057907FDE125758 /* [CP] Embed Pods Frameworks */ = {
			isa = PBXShellScriptBuildPhase;
			buildActionMask = 2147483647;
			files = (
			);
			inputFileListPaths = (
				"${PODS_ROOT}/Target Support Files/Pods-taskApp/Pods-taskApp-frameworks-${CONFIGURATION}-input-files.xcfilelist",
			);
			name = "[CP] Embed Pods Frameworks";
			outputFileListPaths = (
				"${PODS_ROOT}/Target Support Files/Pods-taskApp/Pods-taskApp-frameworks-${CONFIGURATION}-output-files.xcfilelist",
			);
			runOnlyForDeploymentPostprocessing = 0;
			shellPath = /bin/sh;
			shellScript = "\"${PODS_ROOT}/Target Support Files/Pods-taskApp/Pods-taskApp-frameworks.sh\"\n";
			showEnvVarsInLog = 0;
		};
/* End PBXShellScriptBuildPhase section */

/* Begin PBXSourcesBuildPhase section */
		4BC6655924B60E7D00377F0F /* Sources */ = {
			isa = PBXSourcesBuildPhase;
			buildActionMask = 2147483647;
			files = (
				4BC6656524B60E7D00377F0F /* ViewController.swift in Sources */,
				4BC6656124B60E7D00377F0F /* AppDelegate.swift in Sources */,
				4BC6657724B6181000377F0F /* Task.swift in Sources */,
				4BC6656324B60E7D00377F0F /* SceneDelegate.swift in Sources */,
				4BC6657524B6138B00377F0F /* InputViewController.swift in Sources */,
			);
			runOnlyForDeploymentPostprocessing = 0;
		};
/* End PBXSourcesBuildPhase section */

/* Begin PBXVariantGroup section */
		4BC6656624B60E7D00377F0F /* Main.storyboard */ = {
			isa = PBXVariantGroup;
			children = (
				4BC6656724B60E7D00377F0F /* Base */,
			);
			name = Main.storyboard;
			sourceTree = "<group>";
		};
		4BC6656B24B60E7E00377F0F /* LaunchScreen.storyboard */ = {
			isa = PBXVariantGroup;
			children = (
				4BC6656C24B60E7E00377F0F /* Base */,
			);
			name = LaunchScreen.storyboard;
			sourceTree = "<group>";
		};
/* End PBXVariantGroup section */

/* Begin XCBuildConfiguration section */
		4BC6656F24B60E7E00377F0F /* Debug */ = {
			isa = XCBuildConfiguration;
			buildSettings = {
				ALWAYS_SEARCH_USER_PATHS = NO;
				CLANG_ANALYZER_NONNULL = YES;
				CLANG_ANALYZER_NUMBER_OBJECT_CONVERSION = YES_AGGRESSIVE;
				CLANG_CXX_LANGUAGE_STANDARD = "gnu++14";
				CLANG_CXX_LIBRARY = "libc++";
				CLANG_ENABLE_MODULES = YES;
				CLANG_ENABLE_OBJC_ARC = YES;
				CLANG_ENABLE_OBJC_WEAK = YES;
				CLANG_WARN_BLOCK_CAPTURE_AUTORELEASING = YES;
				CLANG_WARN_BOOL_CONVERSION = YES;
				CLANG_WARN_COMMA = YES;
				CLANG_WARN_CONSTANT_CONVERSION = YES;
				CLANG_WARN_DEPRECATED_OBJC_IMPLEMENTATIONS = YES;
				CLANG_WARN_DIRECT_OBJC_ISA_USAGE = YES_ERROR;
				CLANG_WARN_DOCUMENTATION_COMMENTS = YES;
				CLANG_WARN_EMPTY_BODY = YES;
				CLANG_WARN_ENUM_CONVERSION = YES;
				CLANG_WARN_INFINITE_RECURSION = YES;
				CLANG_WARN_INT_CONVERSION = YES;
				CLANG_WARN_NON_LITERAL_NULL_CONVERSION = YES;
				CLANG_WARN_OBJC_IMPLICIT_RETAIN_SELF = YES;
				CLANG_WARN_OBJC_LITERAL_CONVERSION = YES;
				CLANG_WARN_OBJC_ROOT_CLASS = YES_ERROR;
				CLANG_WARN_RANGE_LOOP_ANALYSIS = YES;
				CLANG_WARN_STRICT_PROTOTYPES = YES;
				CLANG_WARN_SUSPICIOUS_MOVE = YES;
				CLANG_WARN_UNGUARDED_AVAILABILITY = YES_AGGRESSIVE;
				CLANG_WARN_UNREACHABLE_CODE = YES;
				CLANG_WARN__DUPLICATE_METHOD_MATCH = YES;
				COPY_PHASE_STRIP = NO;
				DEBUG_INFORMATION_FORMAT = dwarf;
				ENABLE_STRICT_OBJC_MSGSEND = YES;
				ENABLE_TESTABILITY = YES;
				GCC_C_LANGUAGE_STANDARD = gnu11;
				GCC_DYNAMIC_NO_PIC = NO;
				GCC_NO_COMMON_BLOCKS = YES;
				GCC_OPTIMIZATION_LEVEL = 0;
				GCC_PREPROCESSOR_DEFINITIONS = (
					"DEBUG=1",
					"$(inherited)",
				);
				GCC_WARN_64_TO_32_BIT_CONVERSION = YES;
				GCC_WARN_ABOUT_RETURN_TYPE = YES_ERROR;
				GCC_WARN_UNDECLARED_SELECTOR = YES;
				GCC_WARN_UNINITIALIZED_AUTOS = YES_AGGRESSIVE;
				GCC_WARN_UNUSED_FUNCTION = YES;
				GCC_WARN_UNUSED_VARIABLE = YES;
				IPHONEOS_DEPLOYMENT_TARGET = 13.1;
				MTL_ENABLE_DEBUG_INFO = INCLUDE_SOURCE;
				MTL_FAST_MATH = YES;
				ONLY_ACTIVE_ARCH = YES;
				SDKROOT = iphoneos;
				SWIFT_ACTIVE_COMPILATION_CONDITIONS = DEBUG;
				SWIFT_OPTIMIZATION_LEVEL = "-Onone";
			};
			name = Debug;
		};
		4BC6657024B60E7E00377F0F /* Release */ = {
			isa = XCBuildConfiguration;
			buildSettings = {
				ALWAYS_SEARCH_USER_PATHS = NO;
				CLANG_ANALYZER_NONNULL = YES;
				CLANG_ANALYZER_NUMBER_OBJECT_CONVERSION = YES_AGGRESSIVE;
				CLANG_CXX_LANGUAGE_STANDARD = "gnu++14";
				CLANG_CXX_LIBRARY = "libc++";
				CLANG_ENABLE_MODULES = YES;
				CLANG_ENABLE_OBJC_ARC = YES;
				CLANG_ENABLE_OBJC_WEAK = YES;
				CLANG_WARN_BLOCK_CAPTURE_AUTORELEASING = YES;
				CLANG_WARN_BOOL_CONVERSION = YES;
				CLANG_WARN_COMMA = YES;
				CLANG_WARN_CONSTANT_CONVERSION = YES;
				CLANG_WARN_DEPRECATED_OBJC_IMPLEMENTATIONS = YES;
				CLANG_WARN_DIRECT_OBJC_ISA_USAGE = YES_ERROR;
				CLANG_WARN_DOCUMENTATION_COMMENTS = YES;
				CLANG_WARN_EMPTY_BODY = YES;
				CLANG_WARN_ENUM_CONVERSION = YES;
				CLANG_WARN_INFINITE_RECURSION = YES;
				CLANG_WARN_INT_CONVERSION = YES;
				CLANG_WARN_NON_LITERAL_NULL_CONVERSION = YES;
				CLANG_WARN_OBJC_IMPLICIT_RETAIN_SELF = YES;
				CLANG_WARN_OBJC_LITERAL_CONVERSION = YES;
				CLANG_WARN_OBJC_ROOT_CLASS = YES_ERROR;
				CLANG_WARN_RANGE_LOOP_ANALYSIS = YES;
				CLANG_WARN_STRICT_PROTOTYPES = YES;
				CLANG_WARN_SUSPICIOUS_MOVE = YES;
				CLANG_WARN_UNGUARDED_AVAILABILITY = YES_AGGRESSIVE;
				CLANG_WARN_UNREACHABLE_CODE = YES;
				CLANG_WARN__DUPLICATE_METHOD_MATCH = YES;
				COPY_PHASE_STRIP = NO;
				DEBUG_INFORMATION_FORMAT = "dwarf-with-dsym";
				ENABLE_NS_ASSERTIONS = NO;
				ENABLE_STRICT_OBJC_MSGSEND = YES;
				GCC_C_LANGUAGE_STANDARD = gnu11;
				GCC_NO_COMMON_BLOCKS = YES;
				GCC_WARN_64_TO_32_BIT_CONVERSION = YES;
				GCC_WARN_ABOUT_RETURN_TYPE = YES_ERROR;
				GCC_WARN_UNDECLARED_SELECTOR = YES;
				GCC_WARN_UNINITIALIZED_AUTOS = YES_AGGRESSIVE;
				GCC_WARN_UNUSED_FUNCTION = YES;
				GCC_WARN_UNUSED_VARIABLE = YES;
				IPHONEOS_DEPLOYMENT_TARGET = 13.1;
				MTL_ENABLE_DEBUG_INFO = NO;
				MTL_FAST_MATH = YES;
				SDKROOT = iphoneos;
				SWIFT_COMPILATION_MODE = wholemodule;
				SWIFT_OPTIMIZATION_LEVEL = "-O";
				VALIDATE_PRODUCT = YES;
			};
			name = Release;
		};
		4BC6657224B60E7E00377F0F /* Debug */ = {
			isa = XCBuildConfiguration;
			baseConfigurationReference = A97BF9A71437E7E2F863BF29 /* Pods-taskApp.debug.xcconfig */;
			buildSettings = {
				ASSETCATALOG_COMPILER_APPICON_NAME = AppIcon;
				CODE_SIGN_STYLE = Automatic;
				DEVELOPMENT_TEAM = 6BQ8V4LF28;
				INFOPLIST_FILE = taskApp/Info.plist;
				LD_RUNPATH_SEARCH_PATHS = (
					"$(inherited)",
					"@executable_path/Frameworks",
				);
				PRODUCT_BUNDLE_IDENTIFIER = jp.techacademy.yamato.shimizu.taskApp;
				PRODUCT_NAME = "$(TARGET_NAME)";
				SWIFT_VERSION = 5.0;
				TARGETED_DEVICE_FAMILY = "1,2";
			};
			name = Debug;
		};
		4BC6657324B60E7E00377F0F /* Release */ = {
			isa = XCBuildConfiguration;
			baseConfigurationReference = 0B17FE408B6EB7E870703076 /* Pods-taskApp.release.xcconfig */;
			buildSettings = {
				ASSETCATALOG_COMPILER_APPICON_NAME = AppIcon;
				CODE_SIGN_STYLE = Automatic;
				DEVELOPMENT_TEAM = 6BQ8V4LF28;
				INFOPLIST_FILE = taskApp/Info.plist;
				LD_RUNPATH_SEARCH_PATHS = (
					"$(inherited)",
					"@executable_path/Frameworks",
				);
				PRODUCT_BUNDLE_IDENTIFIER = jp.techacademy.yamato.shimizu.taskApp;
				PRODUCT_NAME = "$(TARGET_NAME)";
				SWIFT_VERSION = 5.0;
				TARGETED_DEVICE_FAMILY = "1,2";
			};
			name = Release;
		};
/* End XCBuildConfiguration section */

/* Begin XCConfigurationList section */
		4BC6655824B60E7D00377F0F /* Build configuration list for PBXProject "taskApp" */ = {
			isa = XCConfigurationList;
			buildConfigurations = (
				4BC6656F24B60E7E00377F0F /* Debug */,
				4BC6657024B60E7E00377F0F /* Release */,
			);
			defaultConfigurationIsVisible = 0;
			defaultConfigurationName = Release;
		};
		4BC6657124B60E7E00377F0F /* Build configuration list for PBXNativeTarget "taskApp" */ = {
			isa = XCConfigurationList;
			buildConfigurations = (
				4BC6657224B60E7E00377F0F /* Debug */,
				4BC6657324B60E7E00377F0F /* Release */,
			);
			defaultConfigurationIsVisible = 0;
			defaultConfigurationName = Release;
		};
/* End XCConfigurationList section */
	};
	rootObject = 4BC6655524B60E7D00377F0F /* Project object */;
}
